// !$*UTF8*$!
{
	archiveVersion = 1;
	classes = {
	};
	objectVersion = 46;
	objects = {

/* Begin PBXBuildFile section */
		FF3B25921FC9893400D634F5 /* main.m in Sources */ = {isa = PBXBuildFile; fileRef = FF3B25911FC9893400D634F5 /* main.m */; };
		FF3B25951FC9893400D634F5 /* AppDelegate.m in Sources */ = {isa = PBXBuildFile; fileRef = FF3B25941FC9893400D634F5 /* AppDelegate.m */; };
		FF3B25981FC9893400D634F5 /* ViewController.m in Sources */ = {isa = PBXBuildFile; fileRef = FF3B25971FC9893400D634F5 /* ViewController.m */; };
		FF3B259B1FC9893400D634F5 /* Main.storyboard in Resources */ = {isa = PBXBuildFile; fileRef = FF3B25991FC9893400D634F5 /* Main.storyboard */; };
		FF3B259D1FC9893400D634F5 /* Assets.xcassets in Resources */ = {isa = PBXBuildFile; fileRef = FF3B259C1FC9893400D634F5 /* Assets.xcassets */; };
		FF3B25A01FC9893400D634F5 /* LaunchScreen.storyboard in Resources */ = {isa = PBXBuildFile; fileRef = FF3B259E1FC9893400D634F5 /* LaunchScreen.storyboard */; };
		FF3B25AB1FC9893400D634F5 /* testIosPro1Tests.m in Sources */ = {isa = PBXBuildFile; fileRef = FF3B25AA1FC9893400D634F5 /* testIosPro1Tests.m */; };
		FF3B25B61FC9893400D634F5 /* testIosPro1UITests.m in Sources */ = {isa = PBXBuildFile; fileRef = FF3B25B51FC9893400D634F5 /* testIosPro1UITests.m */; };
/* End PBXBuildFile section */

/* Begin PBXContainerItemProxy section */
		FF3B25A71FC9893400D634F5 /* PBXContainerItemProxy */ = {
			isa = PBXContainerItemProxy;
			containerPortal = FF3B25851FC9893400D634F5 /* Project object */;
			proxyType = 1;
			remoteGlobalIDString = FF3B258C1FC9893400D634F5;
			remoteInfo = testIosPro1;
		};
		FF3B25B21FC9893400D634F5 /* PBXContainerItemProxy */ = {
			isa = PBXContainerItemProxy;
			containerPortal = FF3B25851FC9893400D634F5 /* Project object */;
			proxyType = 1;
			remoteGlobalIDString = FF3B258C1FC9893400D634F5;
			remoteInfo = testIosPro1;
		};
/* End PBXContainerItemProxy section */

/* Begin PBXFileReference section */
		FF3B258D1FC9893400D634F5 /* testIosPro1.app */ = {isa = PBXFileReference; explicitFileType = wrapper.application; includeInIndex = 0; path = testIosPro1.app; sourceTree = BUILT_PRODUCTS_DIR; };
		FF3B25911FC9893400D634F5 /* main.m */ = {isa = PBXFileReference; lastKnownFileType = sourcecode.c.objc; path = main.m; sourceTree = "<group>"; };
		FF3B25931FC9893400D634F5 /* AppDelegate.h */ = {isa = PBXFileReference; lastKnownFileType = sourcecode.c.h; path = AppDelegate.h; sourceTree = "<group>"; };
		FF3B25941FC9893400D634F5 /* AppDelegate.m */ = {isa = PBXFileReference; lastKnownFileType = sourcecode.c.objc; path = AppDelegate.m; sourceTree = "<group>"; };
		FF3B25961FC9893400D634F5 /* ViewController.h */ = {isa = PBXFileReference; lastKnownFileType = sourcecode.c.h; path = ViewController.h; sourceTree = "<group>"; };
		FF3B25971FC9893400D634F5 /* ViewController.m */ = {isa = PBXFileReference; lastKnownFileType = sourcecode.c.objc; path = ViewController.m; sourceTree = "<group>"; };
		FF3B259A1FC9893400D634F5 /* Base */ = {isa = PBXFileReference; lastKnownFileType = file.storyboard; name = Base; path = Base.lproj/Main.storyboard; sourceTree = "<group>"; };
		FF3B259C1FC9893400D634F5 /* Assets.xcassets */ = {isa = PBXFileReference; lastKnownFileType = folder.assetcatalog; path = Assets.xcassets; sourceTree = "<group>"; };
		FF3B259F1FC9893400D634F5 /* Base */ = {isa = PBXFileReference; lastKnownFileType = file.storyboard; name = Base; path = Base.lproj/LaunchScreen.storyboard; sourceTree = "<group>"; };
		FF3B25A11FC9893400D634F5 /* Info.plist */ = {isa = PBXFileReference; lastKnownFileType = text.plist.xml; path = Info.plist; sourceTree = "<group>"; };
		FF3B25A61FC9893400D634F5 /* testIosPro1Tests.xctest */ = {isa = PBXFileReference; explicitFileType = wrapper.cfbundle; includeInIndex = 0; path = testIosPro1Tests.xctest; sourceTree = BUILT_PRODUCTS_DIR; };
		FF3B25AA1FC9893400D634F5 /* testIosPro1Tests.m */ = {isa = PBXFileReference; lastKnownFileType = sourcecode.c.objc; path = testIosPro1Tests.m; sourceTree = "<group>"; };
		FF3B25AC1FC9893400D634F5 /* Info.plist */ = {isa = PBXFileReference; lastKnownFileType = text.plist.xml; path = Info.plist; sourceTree = "<group>"; };
		FF3B25B11FC9893400D634F5 /* testIosPro1UITests.xctest */ = {isa = PBXFileReference; explicitFileType = wrapper.cfbundle; includeInIndex = 0; path = testIosPro1UITests.xctest; sourceTree = BUILT_PRODUCTS_DIR; };
		FF3B25B51FC9893400D634F5 /* testIosPro1UITests.m */ = {isa = PBXFileReference; lastKnownFileType = sourcecode.c.objc; path = testIosPro1UITests.m; sourceTree = "<group>"; };
		FF3B25B71FC9893400D634F5 /* Info.plist */ = {isa = PBXFileReference; lastKnownFileType = text.plist.xml; path = Info.plist; sourceTree = "<group>"; };
/* End PBXFileReference section */

/* Begin PBXFrameworksBuildPhase section */
		FF3B258A1FC9893400D634F5 /* Frameworks */ = {
			isa = PBXFrameworksBuildPhase;
			buildActionMask = 2147483647;
			files = (
			);
			runOnlyForDeploymentPostprocessing = 0;
		};
		FF3B25A31FC9893400D634F5 /* Frameworks */ = {
			isa = PBXFrameworksBuildPhase;
			buildActionMask = 2147483647;
			files = (
			);
			runOnlyForDeploymentPostprocessing = 0;
		};
		FF3B25AE1FC9893400D634F5 /* Frameworks */ = {
			isa = PBXFrameworksBuildPhase;
			buildActionMask = 2147483647;
			files = (
			);
			runOnlyForDeploymentPostprocessing = 0;
		};
/* End PBXFrameworksBuildPhase section */

/* Begin PBXGroup section */
		FF3B25841FC9893400D634F5 = {
			isa = PBXGroup;
			children = (
				FF3B258F1FC9893400D634F5 /* testIosPro1 */,
				FF3B25A91FC9893400D634F5 /* testIosPro1Tests */,
				FF3B25B41FC9893400D634F5 /* testIosPro1UITests */,
				FF3B258E1FC9893400D634F5 /* Products */,
			);
			sourceTree = "<group>";
		};
		FF3B258E1FC9893400D634F5 /* Products */ = {
			isa = PBXGroup;
			children = (
				FF3B258D1FC9893400D634F5 /* testIosPro1.app */,
				FF3B25A61FC9893400D634F5 /* testIosPro1Tests.xctest */,
				FF3B25B11FC9893400D634F5 /* testIosPro1UITests.xctest */,
			);
			name = Products;
			sourceTree = "<group>";
		};
		FF3B258F1FC9893400D634F5 /* testIosPro1 */ = {
			isa = PBXGroup;
			children = (
				FF3B25931FC9893400D634F5 /* AppDelegate.h */,
				FF3B25941FC9893400D634F5 /* AppDelegate.m */,
				FF3B25961FC9893400D634F5 /* ViewController.h */,
				FF3B25971FC9893400D634F5 /* ViewController.m */,
				FF3B25991FC9893400D634F5 /* Main.storyboard */,
				FF3B259C1FC9893400D634F5 /* Assets.xcassets */,
				FF3B259E1FC9893400D634F5 /* LaunchScreen.storyboard */,
				FF3B25A11FC9893400D634F5 /* Info.plist */,
				FF3B25901FC9893400D634F5 /* Supporting Files */,
			);
			path = testIosPro1;
			sourceTree = "<group>";
		};
		FF3B25901FC9893400D634F5 /* Supporting Files */ = {
			isa = PBXGroup;
			children = (
				FF3B25911FC9893400D634F5 /* main.m */,
			);
			name = "Supporting Files";
			sourceTree = "<group>";
		};
		FF3B25A91FC9893400D634F5 /* testIosPro1Tests */ = {
			isa = PBXGroup;
			children = (
				FF3B25AA1FC9893400D634F5 /* testIosPro1Tests.m */,
				FF3B25AC1FC9893400D634F5 /* Info.plist */,
			);
			path = testIosPro1Tests;
			sourceTree = "<group>";
		};
		FF3B25B41FC9893400D634F5 /* testIosPro1UITests */ = {
			isa = PBXGroup;
			children = (
				FF3B25B51FC9893400D634F5 /* testIosPro1UITests.m */,
				FF3B25B71FC9893400D634F5 /* Info.plist */,
			);
			path = testIosPro1UITests;
			sourceTree = "<group>";
		};
/* End PBXGroup section */

/* Begin PBXNativeTarget section */
		FF3B258C1FC9893400D634F5 /* testIosPro1 */ = {
			isa = PBXNativeTarget;
			buildConfigurationList = FF3B25BA1FC9893400D634F5 /* Build configuration list for PBXNativeTarget "testIosPro1" */;
			buildPhases = (
				FF3B25891FC9893400D634F5 /* Sources */,
				FF3B258A1FC9893400D634F5 /* Frameworks */,
				FF3B258B1FC9893400D634F5 /* Resources */,
			);
			buildRules = (
			);
			dependencies = (
			);
			name = testIosPro1;
			productName = testIosPro1;
			productReference = FF3B258D1FC9893400D634F5 /* testIosPro1.app */;
			productType = "com.apple.product-type.application";
		};
		FF3B25A51FC9893400D634F5 /* testIosPro1Tests */ = {
			isa = PBXNativeTarget;
			buildConfigurationList = FF3B25BD1FC9893400D634F5 /* Build configuration list for PBXNativeTarget "testIosPro1Tests" */;
			buildPhases = (
				FF3B25A21FC9893400D634F5 /* Sources */,
				FF3B25A31FC9893400D634F5 /* Frameworks */,
				FF3B25A41FC9893400D634F5 /* Resources */,
			);
			buildRules = (
			);
			dependencies = (
				FF3B25A81FC9893400D634F5 /* PBXTargetDependency */,
			);
			name = testIosPro1Tests;
			productName = testIosPro1Tests;
			productReference = FF3B25A61FC9893400D634F5 /* testIosPro1Tests.xctest */;
			productType = "com.apple.product-type.bundle.unit-test";
		};
		FF3B25B01FC9893400D634F5 /* testIosPro1UITests */ = {
			isa = PBXNativeTarget;
			buildConfigurationList = FF3B25C01FC9893400D634F5 /* Build configuration list for PBXNativeTarget "testIosPro1UITests" */;
			buildPhases = (
				FF3B25AD1FC9893400D634F5 /* Sources */,
				FF3B25AE1FC9893400D634F5 /* Frameworks */,
				FF3B25AF1FC9893400D634F5 /* Resources */,
			);
			buildRules = (
			);
			dependencies = (
				FF3B25B31FC9893400D634F5 /* PBXTargetDependency */,
			);
			name = testIosPro1UITests;
			productName = testIosPro1UITests;
			productReference = FF3B25B11FC9893400D634F5 /* testIosPro1UITests.xctest */;
			productType = "com.apple.product-type.bundle.ui-testing";
		};
/* End PBXNativeTarget section */

/* Begin PBXProject section */
		FF3B25851FC9893400D634F5 /* Project object */ = {
			isa = PBXProject;
			attributes = {
				LastUpgradeCheck = 0830;
				ORGANIZATIONNAME = com.cn.testApply;
				TargetAttributes = {
					FF3B258C1FC9893400D634F5 = {
						CreatedOnToolsVersion = 8.3.3;
						ProvisioningStyle = Automatic;
					};
					FF3B25A51FC9893400D634F5 = {
						CreatedOnToolsVersion = 8.3.3;
						ProvisioningStyle = Automatic;
						TestTargetID = FF3B258C1FC9893400D634F5;
					};
					FF3B25B01FC9893400D634F5 = {
						CreatedOnToolsVersion = 8.3.3;
						ProvisioningStyle = Automatic;
						TestTargetID = FF3B258C1FC9893400D634F5;
					};
				};
			};
			buildConfigurationList = FF3B25881FC9893400D634F5 /* Build configuration list for PBXProject "testIosPro1" */;
			compatibilityVersion = "Xcode 3.2";
			developmentRegion = English;
			hasScannedForEncodings = 0;
			knownRegions = (
				en,
				Base,
			);
			mainGroup = FF3B25841FC9893400D634F5;
			productRefGroup = FF3B258E1FC9893400D634F5 /* Products */;
			projectDirPath = "";
			projectRoot = "";
			targets = (
				FF3B258C1FC9893400D634F5 /* testIosPro1 */,
				FF3B25A51FC9893400D634F5 /* testIosPro1Tests */,
				FF3B25B01FC9893400D634F5 /* testIosPro1UITests */,
			);
		};
/* End PBXProject section */

/* Begin PBXResourcesBuildPhase section */
		FF3B258B1FC9893400D634F5 /* Resources */ = {
			isa = PBXResourcesBuildPhase;
			buildActionMask = 2147483647;
			files = (
				FF3B25A01FC9893400D634F5 /* LaunchScreen.storyboard in Resources */,
				FF3B259D1FC9893400D634F5 /* Assets.xcassets in Resources */,
				FF3B259B1FC9893400D634F5 /* Main.storyboard in Resources */,
			);
			runOnlyForDeploymentPostprocessing = 0;
		};
		FF3B25A41FC9893400D634F5 /* Resources */ = {
			isa = PBXResourcesBuildPhase;
			buildActionMask = 2147483647;
			files = (
			);
			runOnlyForDeploymentPostprocessing = 0;
		};
		FF3B25AF1FC9893400D634F5 /* Resources */ = {
			isa = PBXResourcesBuildPhase;
			buildActionMask = 2147483647;
			files = (
			);
			runOnlyForDeploymentPostprocessing = 0;
		};
/* End PBXResourcesBuildPhase section */

/* Begin PBXSourcesBuildPhase section */
		FF3B25891FC9893400D634F5 /* Sources */ = {
			isa = PBXSourcesBuildPhase;
			buildActionMask = 2147483647;
			files = (
				FF3B25981FC9893400D634F5 /* ViewController.m in Sources */,
				FF3B25951FC9893400D634F5 /* AppDelegate.m in Sources */,
				FF3B25921FC9893400D634F5 /* main.m in Sources */,
			);
			runOnlyForDeploymentPostprocessing = 0;
		};
		FF3B25A21FC9893400D634F5 /* Sources */ = {
			isa = PBXSourcesBuildPhase;
			buildActionMask = 2147483647;
			files = (
				FF3B25AB1FC9893400D634F5 /* testIosPro1Tests.m in Sources */,
			);
			runOnlyForDeploymentPostprocessing = 0;
		};
		FF3B25AD1FC9893400D634F5 /* Sources */ = {
			isa = PBXSourcesBuildPhase;
			buildActionMask = 2147483647;
			files = (
				FF3B25B61FC9893400D634F5 /* testIosPro1UITests.m in Sources */,
			);
			runOnlyForDeploymentPostprocessing = 0;
		};
/* End PBXSourcesBuildPhase section */

/* Begin PBXTargetDependency section */
		FF3B25A81FC9893400D634F5 /* PBXTargetDependency */ = {
			isa = PBXTargetDependency;
			target = FF3B258C1FC9893400D634F5 /* testIosPro1 */;
			targetProxy = FF3B25A71FC9893400D634F5 /* PBXContainerItemProxy */;
		};
		FF3B25B31FC9893400D634F5 /* PBXTargetDependency */ = {
			isa = PBXTargetDependency;
			target = FF3B258C1FC9893400D634F5 /* testIosPro1 */;
			targetProxy = FF3B25B21FC9893400D634F5 /* PBXContainerItemProxy */;
		};
/* End PBXTargetDependency section */

/* Begin PBXVariantGroup section */
		FF3B25991FC9893400D634F5 /* Main.storyboard */ = {
			isa = PBXVariantGroup;
			children = (
				FF3B259A1FC9893400D634F5 /* Base */,
			);
			name = Main.storyboard;
			sourceTree = "<group>";
		};
		FF3B259E1FC9893400D634F5 /* LaunchScreen.storyboard */ = {
			isa = PBXVariantGroup;
			children = (
				FF3B259F1FC9893400D634F5 /* Base */,
			);
			name = LaunchScreen.storyboard;
			sourceTree = "<group>";
		};
/* End PBXVariantGroup section */

/* Begin XCBuildConfiguration section */
		FF3B25B81FC9893400D634F5 /* Debug */ = {
			isa = XCBuildConfiguration;
			buildSettings = {
				ALWAYS_SEARCH_USER_PATHS = NO;
				CLANG_ANALYZER_NONNULL = YES;
				CLANG_ANALYZER_NUMBER_OBJECT_CONVERSION = YES_AGGRESSIVE;
				CLANG_CXX_LANGUAGE_STANDARD = "gnu++0x";
				CLANG_CXX_LIBRARY = "libc++";
				CLANG_ENABLE_MODULES = YES;
				CLANG_ENABLE_OBJC_ARC = YES;
				CLANG_WARN_BOOL_CONVERSION = YES;
				CLANG_WARN_CONSTANT_CONVERSION = YES;
				CLANG_WARN_DIRECT_OBJC_ISA_USAGE = YES_ERROR;
				CLANG_WARN_DOCUMENTATION_COMMENTS = YES;
				CLANG_WARN_EMPTY_BODY = YES;
				CLANG_WARN_ENUM_CONVERSION = YES;
				CLANG_WARN_INFINITE_RECURSION = YES;
				CLANG_WARN_INT_CONVERSION = YES;
				CLANG_WARN_OBJC_ROOT_CLASS = YES_ERROR;
				CLANG_WARN_SUSPICIOUS_MOVE = YES;
				CLANG_WARN_UNREACHABLE_CODE = YES;
				CLANG_WARN__DUPLICATE_METHOD_MATCH = YES;
				"CODE_SIGN_IDENTITY[sdk=iphoneos*]" = "iPhone Developer";
				COPY_PHASE_STRIP = NO;
				DEBUG_INFORMATION_FORMAT = dwarf;
				ENABLE_STRICT_OBJC_MSGSEND = YES;
				ENABLE_TESTABILITY = YES;
				GCC_C_LANGUAGE_STANDARD = gnu99;
				GCC_DYNAMIC_NO_PIC = NO;
				GCC_NO_COMMON_BLOCKS = YES;
				GCC_OPTIMIZATION_LEVEL = 0;
				GCC_PREPROCESSOR_DEFINITIONS = (
					"DEBUG=1",
					"$(inherited)",
				);
				GCC_WARN_64_TO_32_BIT_CONVERSION = YES;
				GCC_WARN_ABOUT_RETURN_TYPE = YES_ERROR;
				GCC_WARN_UNDECLARED_SELECTOR = YES;
				GCC_WARN_UNINITIALIZED_AUTOS = YES_AGGRESSIVE;
				GCC_WARN_UNUSED_FUNCTION = YES;
				GCC_WARN_UNUSED_VARIABLE = YES;
				IPHONEOS_DEPLOYMENT_TARGET = 10.3;
				MTL_ENABLE_DEBUG_INFO = YES;
				ONLY_ACTIVE_ARCH = YES;
				SDKROOT = iphoneos;
			};
			name = Debug;
		};
		FF3B25B91FC9893400D634F5 /* Release */ = {
			isa = XCBuildConfiguration;
			buildSettings = {
				ALWAYS_SEARCH_USER_PATHS = NO;
				CLANG_ANALYZER_NONNULL = YES;
				CLANG_ANALYZER_NUMBER_OBJECT_CONVERSION = YES_AGGRESSIVE;
				CLANG_CXX_LANGUAGE_STANDARD = "gnu++0x";
				CLANG_CXX_LIBRARY = "libc++";
				CLANG_ENABLE_MODULES = YES;
				CLANG_ENABLE_OBJC_ARC = YES;
				CLANG_WARN_BOOL_CONVERSION = YES;
				CLANG_WARN_CONSTANT_CONVERSION = YES;
				CLANG_WARN_DIRECT_OBJC_ISA_USAGE = YES_ERROR;
				CLANG_WARN_DOCUMENTATION_COMMENTS = YES;
				CLANG_WARN_EMPTY_BODY = YES;
				CLANG_WARN_ENUM_CONVERSION = YES;
				CLANG_WARN_INFINITE_RECURSION = YES;
				CLANG_WARN_INT_CONVERSION = YES;
				CLANG_WARN_OBJC_ROOT_CLASS = YES_ERROR;
				CLANG_WARN_SUSPICIOUS_MOVE = YES;
				CLANG_WARN_UNREACHABLE_CODE = YES;
				CLANG_WARN__DUPLICATE_METHOD_MATCH = YES;
				"CODE_SIGN_IDENTITY[sdk=iphoneos*]" = "iPhone Developer";
				COPY_PHASE_STRIP = NO;
				DEBUG_INFORMATION_FORMAT = "dwarf-with-dsym";
				ENABLE_NS_ASSERTIONS = NO;
				ENABLE_STRICT_OBJC_MSGSEND = YES;
				GCC_C_LANGUAGE_STANDARD = gnu99;
				GCC_NO_COMMON_BLOCKS = YES;
				GCC_WARN_64_TO_32_BIT_CONVERSION = YES;
				GCC_WARN_ABOUT_RETURN_TYPE = YES_ERROR;
				GCC_WARN_UNDECLARED_SELECTOR = YES;
				GCC_WARN_UNINITIALIZED_AUTOS = YES_AGGRESSIVE;
				GCC_WARN_UNUSED_FUNCTION = YES;
				GCC_WARN_UNUSED_VARIABLE = YES;
				IPHONEOS_DEPLOYMENT_TARGET = 10.3;
				MTL_ENABLE_DEBUG_INFO = NO;
				SDKROOT = iphoneos;
				VALIDATE_PRODUCT = YES;
			};
			name = Release;
		};
		FF3B25BB1FC9893400D634F5 /* Debug */ = {
			isa = XCBuildConfiguration;
			buildSettings = {
				ASSETCATALOG_COMPILER_APPICON_NAME = AppIcon;
				INFOPLIST_FILE = testIosPro1/Info.plist;
				LD_RUNPATH_SEARCH_PATHS = "$(inherited) @executable_path/Frameworks";
				PRODUCT_BUNDLE_IDENTIFIER = com.unimlink.jwg.testIosPro1;
				PRODUCT_NAME = "$(TARGET_NAME)";
			};
			name = Debug;
		};
		FF3B25BC1FC9893400D634F5 /* Release */ = {
			isa = XCBuildConfiguration;
			buildSettings = {
				ASSETCATALOG_COMPILER_APPICON_NAME = AppIcon;
				INFOPLIST_FILE = testIosPro1/Info.plist;
				LD_RUNPATH_SEARCH_PATHS = "$(inherited) @executable_path/Frameworks";
				PRODUCT_BUNDLE_IDENTIFIER = com.unimlink.jwg.testIosPro1;
				PRODUCT_NAME = "$(TARGET_NAME)";
			};
			name = Release;
		};
		FF3B25BE1FC9893400D634F5 /* Debug */ = {
			isa = XCBuildConfiguration;
			buildSettings = {
				BUNDLE_LOADER = "$(TEST_HOST)";
				INFOPLIST_FILE = testIosPro1Tests/Info.plist;
				LD_RUNPATH_SEARCH_PATHS = "$(inherited) @executable_path/Frameworks @loader_path/Frameworks";
				PRODUCT_BUNDLE_IDENTIFIER = com.unimlink.jwg.testIosPro1Tests;
				PRODUCT_NAME = "$(TARGET_NAME)";
				TEST_HOST = "$(BUILT_PRODUCTS_DIR)/testIosPro1.app/testIosPro1";
			};
			name = Debug;
		};
		FF3B25BF1FC9893400D634F5 /* Release */ = {
			isa = XCBuildConfiguration;
			buildSettings = {
				BUNDLE_LOADER = "$(TEST_HOST)";
				INFOPLIST_FILE = testIosPro1Tests/Info.plist;
				LD_RUNPATH_SEARCH_PATHS = "$(inherited) @executable_path/Frameworks @loader_path/Frameworks";
				PRODUCT_BUNDLE_IDENTIFIER = com.unimlink.jwg.testIosPro1Tests;
				PRODUCT_NAME = "$(TARGET_NAME)";
				TEST_HOST = "$(BUILT_PRODUCTS_DIR)/testIosPro1.app/testIosPro1";
			};
			name = Release;
		};
		FF3B25C11FC9893400D634F5 /* Debug */ = {
			isa = XCBuildConfiguration;
			buildSettings = {
				INFOPLIST_FILE = testIosPro1UITests/Info.plist;
				LD_RUNPATH_SEARCH_PATHS = "$(inherited) @executable_path/Frameworks @loader_path/Frameworks";
				PRODUCT_BUNDLE_IDENTIFIER = com.unimlink.jwg.testIosPro1UITests;
				PRODUCT_NAME = "$(TARGET_NAME)";
				TEST_TARGET_NAME = testIosPro1;
			};
			name = Debug;
		};
		FF3B25C21FC9893400D634F5 /* Release */ = {
			isa = XCBuildConfiguration;
			buildSettings = {
				INFOPLIST_FILE = testIosPro1UITests/Info.plist;
				LD_RUNPATH_SEARCH_PATHS = "$(inherited) @executable_path/Frameworks @loader_path/Frameworks";
				PRODUCT_BUNDLE_IDENTIFIER = com.unimlink.jwg.testIosPro1UITests;
				PRODUCT_NAME = "$(TARGET_NAME)";
				TEST_TARGET_NAME = testIosPro1;
			};
			name = Release;
		};
/* End XCBuildConfiguration section */

/* Begin XCConfigurationList section */
		FF3B25881FC9893400D634F5 /* Build configuration list for PBXProject "testIosPro1" */ = {
			isa = XCConfigurationList;
			buildConfigurations = (
				FF3B25B81FC9893400D634F5 /* Debug */,
				FF3B25B91FC9893400D634F5 /* Release */,
			);
			defaultConfigurationIsVisible = 0;
			defaultConfigurationName = Release;
		};
		FF3B25BA1FC9893400D634F5 /* Build configuration list for PBXNativeTarget "testIosPro1" */ = {
			isa = XCConfigurationList;
			buildConfigurations = (
				FF3B25BB1FC9893400D634F5 /* Debug */,
				FF3B25BC1FC9893400D634F5 /* Release */,
			);
			defaultConfigurationIsVisible = 0;
		};
		FF3B25BD1FC9893400D634F5 /* Build configuration list for PBXNativeTarget "testIosPro1Tests" */ = {
			isa = XCConfigurationList;
			buildConfigurations = (
				FF3B25BE1FC9893400D634F5 /* Debug */,
				FF3B25BF1FC9893400D634F5 /* Release */,
			);
			defaultConfigurationIsVisible = 0;
		};
		FF3B25C01FC9893400D634F5 /* Build configuration list for PBXNativeTarget "testIosPro1UITests" */ = {
			isa = XCConfigurationList;
			buildConfigurations = (
				FF3B25C11FC9893400D634F5 /* Debug */,
				FF3B25C21FC9893400D634F5 /* Release */,
			);
			defaultConfigurationIsVisible = 0;
		};
/* End XCConfigurationList section */
	};
	rootObject = FF3B25851FC9893400D634F5 /* Project object */;
}
